
Microsoft Visual Studio Solution File, Format Version 12.00
# Visual Studio 15
VisualStudioVersion = 15.0.26124.0
MinimumVisualStudioVersion = 15.0.26124.0
Project("{2150E333-8FDC-42A3-9474-1A3956D46DE8}") = "src", "src", "{7FD8E1C1-FB8C-4FBB-AAA6-1FE68DEAE310}"
EndProject
Project("{FAE04EC0-301F-11D3-BF4B-00C04F79EFBC}") = "GenericsStructsAndInterfacesAsParameters", "src\GenericsStructsAndInterfacesAsParameters\GenericsStructsAndInterfacesAsParameters.csproj", "{CC2614EA-ABFA-4E80-9EA9-4C55EADFCED6}"
EndProject
Project("{FAE04EC0-301F-11D3-BF4B-00C04F79EFBC}") = "MaybeAndEitherAcrossLanguages", "src\MaybeAndEitherAcrossLanguages\MaybeAndEitherAcrossLanguages.csproj", "{199B4D4C-64BB-4A38-BAFB-2F72E56920D4}"
EndProject
Project("{FAE04EC0-301F-11D3-BF4B-00C04F79EFBC}") = "MaybeAndEitherAcrossLanguages.CSharp", "src\MaybeAndEitherAcrossLanguages.CSharp\MaybeAndEitherAcrossLanguages.CSharp.csproj", "{1A51D01A-7ED1-4A1E-8394-9B9C6922F376}"
EndProject
Project("{F2A71F9B-5D33-465A-A702-920D77279786}") = "MaybeAndEitherAcrossLanguages.FSharp", "src\MaybeAndEitherAcrossLanguages.FSharp\MaybeAndEitherAcrossLanguages.FSharp.fsproj", "{59871483-8150-4CB7-AEF8-5ECC01D092DD}"
EndProject
Project("{FAE04EC0-301F-11D3-BF4B-00C04F79EFBC}") = "ToListVsToArray", "src\ToListVsToArray\ToListVsToArray.csproj", "{BB16D3B1-AA23-453C-BFE4-5A1F26390AB1}"
EndProject
Project("{FAE04EC0-301F-11D3-BF4B-00C04F79EFBC}") = "SourceGeneratedJsonSerialization", "src\SourceGeneratedJsonSerialization\SourceGeneratedJsonSerialization.csproj", "{11D48EA5-FD23-4D68-9DDB-6F168E87E180}"
EndProject
Project("{FAE04EC0-301F-11D3-BF4B-00C04F79EFBC}") = "SearchInString", "src\SearchInString\SearchInString.csproj", "{0167C5F6-846F-4C12-AF89-2E7DBE3FF633}"
EndProject
Project("{FAE04EC0-301F-11D3-BF4B-00C04F79EFBC}") = "PrimitiveVsStronglyTypedKeyLookup", "src\PrimitiveVsStronglyTypedKeyLookup\PrimitiveVsStronglyTypedKeyLookup.csproj", "{E7E03558-8A3F-4154-8B6B-52B0217141B8}"
EndProject
Project("{FAE04EC0-301F-11D3-BF4B-00C04F79EFBC}") = "SimpleSerialization", "src\SimpleSerialization\SimpleSerialization.csproj", "{9BAEAF38-CA4D-4747-8833-3D479CF4D170}"
EndProject
Project("{FAE04EC0-301F-11D3-BF4B-00C04F79EFBC}") = "ConvertToBool", "src\ConvertToBool\ConvertToBool.csproj", "{CBCF4952-6056-42EC-9BE6-17B3C874F7F1}"
EndProject
Project("{FAE04EC0-301F-11D3-BF4B-00C04F79EFBC}") = "PrimitiveVsStronglyTypedKeyLookupV2", "src\PrimitiveVsStronglyTypedKeyLookupV2\PrimitiveVsStronglyTypedKeyLookupV2.csproj", "{F50D6508-D4D9-4654-A6E7-6F102CE3DD20}"
EndProject
Project("{FAE04EC0-301F-11D3-BF4B-00C04F79EFBC}") = "PrimitiveVsStronglyTypedKeyLookupV2Frozen", "src\PrimitiveVsStronglyTypedKeyLookupV2Frozen\PrimitiveVsStronglyTypedKeyLookupV2Frozen.csproj", "{17B0AA94-C03E-4202-992C-5FA5175F4EE3}"
EndProject
Project("{FAE04EC0-301F-11D3-BF4B-00C04F79EFBC}") = "AllocateStringVsLookup", "src\AllocateStringVsLookup\AllocateStringVsLookup.csproj", "{498B040B-1F2B-4746-8E9D-D4C76EFEEA11}"
EndProject
Global
	GlobalSection(SolutionConfigurationPlatforms) = preSolution
		Debug|Any CPU = Debug|Any CPU
		Debug|x64 = Debug|x64
		Debug|x86 = Debug|x86
		Release|Any CPU = Release|Any CPU
		Release|x64 = Release|x64
		Release|x86 = Release|x86
	EndGlobalSection
	GlobalSection(SolutionProperties) = preSolution
		HideSolutionNode = FALSE
	EndGlobalSection
	GlobalSection(ProjectConfigurationPlatforms) = postSolution
		{CC2614EA-ABFA-4E80-9EA9-4C55EADFCED6}.Debug|Any CPU.ActiveCfg = Debug|Any CPU
		{CC2614EA-ABFA-4E80-9EA9-4C55EADFCED6}.Debug|Any CPU.Build.0 = Debug|Any CPU
		{CC2614EA-ABFA-4E80-9EA9-4C55EADFCED6}.Debug|x64.ActiveCfg = Debug|Any CPU
		{CC2614EA-ABFA-4E80-9EA9-4C55EADFCED6}.Debug|x64.Build.0 = Debug|Any CPU
		{CC2614EA-ABFA-4E80-9EA9-4C55EADFCED6}.Debug|x86.ActiveCfg = Debug|Any CPU
		{CC2614EA-ABFA-4E80-9EA9-4C55EADFCED6}.Debug|x86.Build.0 = Debug|Any CPU
		{CC2614EA-ABFA-4E80-9EA9-4C55EADFCED6}.Release|Any CPU.ActiveCfg = Release|Any CPU
		{CC2614EA-ABFA-4E80-9EA9-4C55EADFCED6}.Release|Any CPU.Build.0 = Release|Any CPU
		{CC2614EA-ABFA-4E80-9EA9-4C55EADFCED6}.Release|x64.ActiveCfg = Release|Any CPU
		{CC2614EA-ABFA-4E80-9EA9-4C55EADFCED6}.Release|x64.Build.0 = Release|Any CPU
		{CC2614EA-ABFA-4E80-9EA9-4C55EADFCED6}.Release|x86.ActiveCfg = Release|Any CPU
		{CC2614EA-ABFA-4E80-9EA9-4C55EADFCED6}.Release|x86.Build.0 = Release|Any CPU
		{199B4D4C-64BB-4A38-BAFB-2F72E56920D4}.Debug|Any CPU.ActiveCfg = Debug|Any CPU
		{199B4D4C-64BB-4A38-BAFB-2F72E56920D4}.Debug|Any CPU.Build.0 = Debug|Any CPU
		{199B4D4C-64BB-4A38-BAFB-2F72E56920D4}.Debug|x64.ActiveCfg = Debug|Any CPU
		{199B4D4C-64BB-4A38-BAFB-2F72E56920D4}.Debug|x64.Build.0 = Debug|Any CPU
		{199B4D4C-64BB-4A38-BAFB-2F72E56920D4}.Debug|x86.ActiveCfg = Debug|Any CPU
		{199B4D4C-64BB-4A38-BAFB-2F72E56920D4}.Debug|x86.Build.0 = Debug|Any CPU
		{199B4D4C-64BB-4A38-BAFB-2F72E56920D4}.Release|Any CPU.ActiveCfg = Release|Any CPU
		{199B4D4C-64BB-4A38-BAFB-2F72E56920D4}.Release|Any CPU.Build.0 = Release|Any CPU
		{199B4D4C-64BB-4A38-BAFB-2F72E56920D4}.Release|x64.ActiveCfg = Release|Any CPU
		{199B4D4C-64BB-4A38-BAFB-2F72E56920D4}.Release|x64.Build.0 = Release|Any CPU
		{199B4D4C-64BB-4A38-BAFB-2F72E56920D4}.Release|x86.ActiveCfg = Release|Any CPU
		{199B4D4C-64BB-4A38-BAFB-2F72E56920D4}.Release|x86.Build.0 = Release|Any CPU
		{1A51D01A-7ED1-4A1E-8394-9B9C6922F376}.Debug|Any CPU.ActiveCfg = Debug|Any CPU
		{1A51D01A-7ED1-4A1E-8394-9B9C6922F376}.Debug|Any CPU.Build.0 = Debug|Any CPU
		{1A51D01A-7ED1-4A1E-8394-9B9C6922F376}.Debug|x64.ActiveCfg = Debug|Any CPU
		{1A51D01A-7ED1-4A1E-8394-9B9C6922F376}.Debug|x64.Build.0 = Debug|Any CPU
		{1A51D01A-7ED1-4A1E-8394-9B9C6922F376}.Debug|x86.ActiveCfg = Debug|Any CPU
		{1A51D01A-7ED1-4A1E-8394-9B9C6922F376}.Debug|x86.Build.0 = Debug|Any CPU
		{1A51D01A-7ED1-4A1E-8394-9B9C6922F376}.Release|Any CPU.ActiveCfg = Release|Any CPU
		{1A51D01A-7ED1-4A1E-8394-9B9C6922F376}.Release|Any CPU.Build.0 = Release|Any CPU
		{1A51D01A-7ED1-4A1E-8394-9B9C6922F376}.Release|x64.ActiveCfg = Release|Any CPU
		{1A51D01A-7ED1-4A1E-8394-9B9C6922F376}.Release|x64.Build.0 = Release|Any CPU
		{1A51D01A-7ED1-4A1E-8394-9B9C6922F376}.Release|x86.ActiveCfg = Release|Any CPU
		{1A51D01A-7ED1-4A1E-8394-9B9C6922F376}.Release|x86.Build.0 = Release|Any CPU
		{59871483-8150-4CB7-AEF8-5ECC01D092DD}.Debug|Any CPU.ActiveCfg = Debug|Any CPU
		{59871483-8150-4CB7-AEF8-5ECC01D092DD}.Debug|Any CPU.Build.0 = Debug|Any CPU
		{59871483-8150-4CB7-AEF8-5ECC01D092DD}.Debug|x64.ActiveCfg = Debug|Any CPU
		{59871483-8150-4CB7-AEF8-5ECC01D092DD}.Debug|x64.Build.0 = Debug|Any CPU
		{59871483-8150-4CB7-AEF8-5ECC01D092DD}.Debug|x86.ActiveCfg = Debug|Any CPU
		{59871483-8150-4CB7-AEF8-5ECC01D092DD}.Debug|x86.Build.0 = Debug|Any CPU
		{59871483-8150-4CB7-AEF8-5ECC01D092DD}.Release|Any CPU.ActiveCfg = Release|Any CPU
		{59871483-8150-4CB7-AEF8-5ECC01D092DD}.Release|Any CPU.Build.0 = Release|Any CPU
		{59871483-8150-4CB7-AEF8-5ECC01D092DD}.Release|x64.ActiveCfg = Release|Any CPU
		{59871483-8150-4CB7-AEF8-5ECC01D092DD}.Release|x64.Build.0 = Release|Any CPU
		{59871483-8150-4CB7-AEF8-5ECC01D092DD}.Release|x86.ActiveCfg = Release|Any CPU
		{59871483-8150-4CB7-AEF8-5ECC01D092DD}.Release|x86.Build.0 = Release|Any CPU
		{BB16D3B1-AA23-453C-BFE4-5A1F26390AB1}.Debug|Any CPU.ActiveCfg = Debug|Any CPU
		{BB16D3B1-AA23-453C-BFE4-5A1F26390AB1}.Debug|Any CPU.Build.0 = Debug|Any CPU
		{BB16D3B1-AA23-453C-BFE4-5A1F26390AB1}.Debug|x64.ActiveCfg = Debug|Any CPU
		{BB16D3B1-AA23-453C-BFE4-5A1F26390AB1}.Debug|x64.Build.0 = Debug|Any CPU
		{BB16D3B1-AA23-453C-BFE4-5A1F26390AB1}.Debug|x86.ActiveCfg = Debug|Any CPU
		{BB16D3B1-AA23-453C-BFE4-5A1F26390AB1}.Debug|x86.Build.0 = Debug|Any CPU
		{BB16D3B1-AA23-453C-BFE4-5A1F26390AB1}.Release|Any CPU.ActiveCfg = Release|Any CPU
		{BB16D3B1-AA23-453C-BFE4-5A1F26390AB1}.Release|Any CPU.Build.0 = Release|Any CPU
		{BB16D3B1-AA23-453C-BFE4-5A1F26390AB1}.Release|x64.ActiveCfg = Release|Any CPU
		{BB16D3B1-AA23-453C-BFE4-5A1F26390AB1}.Release|x64.Build.0 = Release|Any CPU
		{BB16D3B1-AA23-453C-BFE4-5A1F26390AB1}.Release|x86.ActiveCfg = Release|Any CPU
		{BB16D3B1-AA23-453C-BFE4-5A1F26390AB1}.Release|x86.Build.0 = Release|Any CPU
		{11D48EA5-FD23-4D68-9DDB-6F168E87E180}.Debug|Any CPU.ActiveCfg = Debug|Any CPU
		{11D48EA5-FD23-4D68-9DDB-6F168E87E180}.Debug|Any CPU.Build.0 = Debug|Any CPU
		{11D48EA5-FD23-4D68-9DDB-6F168E87E180}.Debug|x64.ActiveCfg = Debug|Any CPU
		{11D48EA5-FD23-4D68-9DDB-6F168E87E180}.Debug|x64.Build.0 = Debug|Any CPU
		{11D48EA5-FD23-4D68-9DDB-6F168E87E180}.Debug|x86.ActiveCfg = Debug|Any CPU
		{11D48EA5-FD23-4D68-9DDB-6F168E87E180}.Debug|x86.Build.0 = Debug|Any CPU
		{11D48EA5-FD23-4D68-9DDB-6F168E87E180}.Release|Any CPU.ActiveCfg = Release|Any CPU
		{11D48EA5-FD23-4D68-9DDB-6F168E87E180}.Release|Any CPU.Build.0 = Release|Any CPU
		{11D48EA5-FD23-4D68-9DDB-6F168E87E180}.Release|x64.ActiveCfg = Release|Any CPU
		{11D48EA5-FD23-4D68-9DDB-6F168E87E180}.Release|x64.Build.0 = Release|Any CPU
		{11D48EA5-FD23-4D68-9DDB-6F168E87E180}.Release|x86.ActiveCfg = Release|Any CPU
		{11D48EA5-FD23-4D68-9DDB-6F168E87E180}.Release|x86.Build.0 = Release|Any CPU
		{0167C5F6-846F-4C12-AF89-2E7DBE3FF633}.Debug|Any CPU.ActiveCfg = Debug|Any CPU
		{0167C5F6-846F-4C12-AF89-2E7DBE3FF633}.Debug|Any CPU.Build.0 = Debug|Any CPU
		{0167C5F6-846F-4C12-AF89-2E7DBE3FF633}.Debug|x64.ActiveCfg = Debug|Any CPU
		{0167C5F6-846F-4C12-AF89-2E7DBE3FF633}.Debug|x64.Build.0 = Debug|Any CPU
		{0167C5F6-846F-4C12-AF89-2E7DBE3FF633}.Debug|x86.ActiveCfg = Debug|Any CPU
		{0167C5F6-846F-4C12-AF89-2E7DBE3FF633}.Debug|x86.Build.0 = Debug|Any CPU
		{0167C5F6-846F-4C12-AF89-2E7DBE3FF633}.Release|Any CPU.ActiveCfg = Release|Any CPU
		{0167C5F6-846F-4C12-AF89-2E7DBE3FF633}.Release|Any CPU.Build.0 = Release|Any CPU
		{0167C5F6-846F-4C12-AF89-2E7DBE3FF633}.Release|x64.ActiveCfg = Release|Any CPU
		{0167C5F6-846F-4C12-AF89-2E7DBE3FF633}.Release|x64.Build.0 = Release|Any CPU
		{0167C5F6-846F-4C12-AF89-2E7DBE3FF633}.Release|x86.ActiveCfg = Release|Any CPU
		{0167C5F6-846F-4C12-AF89-2E7DBE3FF633}.Release|x86.Build.0 = Release|Any CPU
		{E7E03558-8A3F-4154-8B6B-52B0217141B8}.Debug|Any CPU.ActiveCfg = Debug|Any CPU
		{E7E03558-8A3F-4154-8B6B-52B0217141B8}.Debug|Any CPU.Build.0 = Debug|Any CPU
		{E7E03558-8A3F-4154-8B6B-52B0217141B8}.Debug|x64.ActiveCfg = Debug|Any CPU
		{E7E03558-8A3F-4154-8B6B-52B0217141B8}.Debug|x64.Build.0 = Debug|Any CPU
		{E7E03558-8A3F-4154-8B6B-52B0217141B8}.Debug|x86.ActiveCfg = Debug|Any CPU
		{E7E03558-8A3F-4154-8B6B-52B0217141B8}.Debug|x86.Build.0 = Debug|Any CPU
		{E7E03558-8A3F-4154-8B6B-52B0217141B8}.Release|Any CPU.ActiveCfg = Release|Any CPU
		{E7E03558-8A3F-4154-8B6B-52B0217141B8}.Release|Any CPU.Build.0 = Release|Any CPU
		{E7E03558-8A3F-4154-8B6B-52B0217141B8}.Release|x64.ActiveCfg = Release|Any CPU
		{E7E03558-8A3F-4154-8B6B-52B0217141B8}.Release|x64.Build.0 = Release|Any CPU
		{E7E03558-8A3F-4154-8B6B-52B0217141B8}.Release|x86.ActiveCfg = Release|Any CPU
		{E7E03558-8A3F-4154-8B6B-52B0217141B8}.Release|x86.Build.0 = Release|Any CPU
		{9BAEAF38-CA4D-4747-8833-3D479CF4D170}.Debug|Any CPU.ActiveCfg = Debug|Any CPU
		{9BAEAF38-CA4D-4747-8833-3D479CF4D170}.Debug|Any CPU.Build.0 = Debug|Any CPU
		{9BAEAF38-CA4D-4747-8833-3D479CF4D170}.Debug|x64.ActiveCfg = Debug|Any CPU
		{9BAEAF38-CA4D-4747-8833-3D479CF4D170}.Debug|x64.Build.0 = Debug|Any CPU
		{9BAEAF38-CA4D-4747-8833-3D479CF4D170}.Debug|x86.ActiveCfg = Debug|Any CPU
		{9BAEAF38-CA4D-4747-8833-3D479CF4D170}.Debug|x86.Build.0 = Debug|Any CPU
		{9BAEAF38-CA4D-4747-8833-3D479CF4D170}.Release|Any CPU.ActiveCfg = Release|Any CPU
		{9BAEAF38-CA4D-4747-8833-3D479CF4D170}.Release|Any CPU.Build.0 = Release|Any CPU
		{9BAEAF38-CA4D-4747-8833-3D479CF4D170}.Release|x64.ActiveCfg = Release|Any CPU
		{9BAEAF38-CA4D-4747-8833-3D479CF4D170}.Release|x64.Build.0 = Release|Any CPU
		{9BAEAF38-CA4D-4747-8833-3D479CF4D170}.Release|x86.ActiveCfg = Release|Any CPU
		{9BAEAF38-CA4D-4747-8833-3D479CF4D170}.Release|x86.Build.0 = Release|Any CPU
		{CBCF4952-6056-42EC-9BE6-17B3C874F7F1}.Debug|Any CPU.ActiveCfg = Debug|Any CPU
		{CBCF4952-6056-42EC-9BE6-17B3C874F7F1}.Debug|Any CPU.Build.0 = Debug|Any CPU
		{CBCF4952-6056-42EC-9BE6-17B3C874F7F1}.Debug|x64.ActiveCfg = Debug|Any CPU
		{CBCF4952-6056-42EC-9BE6-17B3C874F7F1}.Debug|x64.Build.0 = Debug|Any CPU
		{CBCF4952-6056-42EC-9BE6-17B3C874F7F1}.Debug|x86.ActiveCfg = Debug|Any CPU
		{CBCF4952-6056-42EC-9BE6-17B3C874F7F1}.Debug|x86.Build.0 = Debug|Any CPU
		{CBCF4952-6056-42EC-9BE6-17B3C874F7F1}.Release|Any CPU.ActiveCfg = Release|Any CPU
		{CBCF4952-6056-42EC-9BE6-17B3C874F7F1}.Release|Any CPU.Build.0 = Release|Any CPU
		{CBCF4952-6056-42EC-9BE6-17B3C874F7F1}.Release|x64.ActiveCfg = Release|Any CPU
		{CBCF4952-6056-42EC-9BE6-17B3C874F7F1}.Release|x64.Build.0 = Release|Any CPU
		{CBCF4952-6056-42EC-9BE6-17B3C874F7F1}.Release|x86.ActiveCfg = Release|Any CPU
		{CBCF4952-6056-42EC-9BE6-17B3C874F7F1}.Release|x86.Build.0 = Release|Any CPU
		{F50D6508-D4D9-4654-A6E7-6F102CE3DD20}.Debug|Any CPU.ActiveCfg = Debug|Any CPU
		{F50D6508-D4D9-4654-A6E7-6F102CE3DD20}.Debug|Any CPU.Build.0 = Debug|Any CPU
		{F50D6508-D4D9-4654-A6E7-6F102CE3DD20}.Debug|x64.ActiveCfg = Debug|Any CPU
		{F50D6508-D4D9-4654-A6E7-6F102CE3DD20}.Debug|x64.Build.0 = Debug|Any CPU
		{F50D6508-D4D9-4654-A6E7-6F102CE3DD20}.Debug|x86.ActiveCfg = Debug|Any CPU
		{F50D6508-D4D9-4654-A6E7-6F102CE3DD20}.Debug|x86.Build.0 = Debug|Any CPU
		{F50D6508-D4D9-4654-A6E7-6F102CE3DD20}.Release|Any CPU.ActiveCfg = Release|Any CPU
		{F50D6508-D4D9-4654-A6E7-6F102CE3DD20}.Release|Any CPU.Build.0 = Release|Any CPU
		{F50D6508-D4D9-4654-A6E7-6F102CE3DD20}.Release|x64.ActiveCfg = Release|Any CPU
		{F50D6508-D4D9-4654-A6E7-6F102CE3DD20}.Release|x64.Build.0 = Release|Any CPU
		{F50D6508-D4D9-4654-A6E7-6F102CE3DD20}.Release|x86.ActiveCfg = Release|Any CPU
		{F50D6508-D4D9-4654-A6E7-6F102CE3DD20}.Release|x86.Build.0 = Release|Any CPU
		{17B0AA94-C03E-4202-992C-5FA5175F4EE3}.Debug|Any CPU.ActiveCfg = Debug|Any CPU
		{17B0AA94-C03E-4202-992C-5FA5175F4EE3}.Debug|Any CPU.Build.0 = Debug|Any CPU
		{17B0AA94-C03E-4202-992C-5FA5175F4EE3}.Debug|x64.ActiveCfg = Debug|Any CPU
		{17B0AA94-C03E-4202-992C-5FA5175F4EE3}.Debug|x64.Build.0 = Debug|Any CPU
		{17B0AA94-C03E-4202-992C-5FA5175F4EE3}.Debug|x86.ActiveCfg = Debug|Any CPU
		{17B0AA94-C03E-4202-992C-5FA5175F4EE3}.Debug|x86.Build.0 = Debug|Any CPU
		{17B0AA94-C03E-4202-992C-5FA5175F4EE3}.Release|Any CPU.ActiveCfg = Release|Any CPU
		{17B0AA94-C03E-4202-992C-5FA5175F4EE3}.Release|Any CPU.Build.0 = Release|Any CPU
		{17B0AA94-C03E-4202-992C-5FA5175F4EE3}.Release|x64.ActiveCfg = Release|Any CPU
		{17B0AA94-C03E-4202-992C-5FA5175F4EE3}.Release|x64.Build.0 = Release|Any CPU
		{17B0AA94-C03E-4202-992C-5FA5175F4EE3}.Release|x86.ActiveCfg = Release|Any CPU
		{17B0AA94-C03E-4202-992C-5FA5175F4EE3}.Release|x86.Build.0 = Release|Any CPU
		{498B040B-1F2B-4746-8E9D-D4C76EFEEA11}.Debug|Any CPU.ActiveCfg = Debug|Any CPU
		{498B040B-1F2B-4746-8E9D-D4C76EFEEA11}.Debug|Any CPU.Build.0 = Debug|Any CPU
		{498B040B-1F2B-4746-8E9D-D4C76EFEEA11}.Debug|x64.ActiveCfg = Debug|Any CPU
		{498B040B-1F2B-4746-8E9D-D4C76EFEEA11}.Debug|x64.Build.0 = Debug|Any CPU
		{498B040B-1F2B-4746-8E9D-D4C76EFEEA11}.Debug|x86.ActiveCfg = Debug|Any CPU
		{498B040B-1F2B-4746-8E9D-D4C76EFEEA11}.Debug|x86.Build.0 = Debug|Any CPU
		{498B040B-1F2B-4746-8E9D-D4C76EFEEA11}.Release|Any CPU.ActiveCfg = Release|Any CPU
		{498B040B-1F2B-4746-8E9D-D4C76EFEEA11}.Release|Any CPU.Build.0 = Release|Any CPU
		{498B040B-1F2B-4746-8E9D-D4C76EFEEA11}.Release|x64.ActiveCfg = Release|Any CPU
		{498B040B-1F2B-4746-8E9D-D4C76EFEEA11}.Release|x64.Build.0 = Release|Any CPU
		{498B040B-1F2B-4746-8E9D-D4C76EFEEA11}.Release|x86.ActiveCfg = Release|Any CPU
		{498B040B-1F2B-4746-8E9D-D4C76EFEEA11}.Release|x86.Build.0 = Release|Any CPU
	EndGlobalSection
	GlobalSection(NestedProjects) = preSolution
		{CC2614EA-ABFA-4E80-9EA9-4C55EADFCED6} = {7FD8E1C1-FB8C-4FBB-AAA6-1FE68DEAE310}
		{199B4D4C-64BB-4A38-BAFB-2F72E56920D4} = {7FD8E1C1-FB8C-4FBB-AAA6-1FE68DEAE310}
		{1A51D01A-7ED1-4A1E-8394-9B9C6922F376} = {7FD8E1C1-FB8C-4FBB-AAA6-1FE68DEAE310}
		{59871483-8150-4CB7-AEF8-5ECC01D092DD} = {7FD8E1C1-FB8C-4FBB-AAA6-1FE68DEAE310}
		{BB16D3B1-AA23-453C-BFE4-5A1F26390AB1} = {7FD8E1C1-FB8C-4FBB-AAA6-1FE68DEAE310}
		{11D48EA5-FD23-4D68-9DDB-6F168E87E180} = {7FD8E1C1-FB8C-4FBB-AAA6-1FE68DEAE310}
		{0167C5F6-846F-4C12-AF89-2E7DBE3FF633} = {7FD8E1C1-FB8C-4FBB-AAA6-1FE68DEAE310}
		{E7E03558-8A3F-4154-8B6B-52B0217141B8} = {7FD8E1C1-FB8C-4FBB-AAA6-1FE68DEAE310}
		{9BAEAF38-CA4D-4747-8833-3D479CF4D170} = {7FD8E1C1-FB8C-4FBB-AAA6-1FE68DEAE310}
		{CBCF4952-6056-42EC-9BE6-17B3C874F7F1} = {7FD8E1C1-FB8C-4FBB-AAA6-1FE68DEAE310}
		{F50D6508-D4D9-4654-A6E7-6F102CE3DD20} = {7FD8E1C1-FB8C-4FBB-AAA6-1FE68DEAE310}
		{17B0AA94-C03E-4202-992C-5FA5175F4EE3} = {7FD8E1C1-FB8C-4FBB-AAA6-1FE68DEAE310}
		{498B040B-1F2B-4746-8E9D-D4C76EFEEA11} = {7FD8E1C1-FB8C-4FBB-AAA6-1FE68DEAE310}
	EndGlobalSection
EndGlobal
